PODS:
  - HTTPNetworking (0.1.0)
  - RxCocoa (5.0.0):
    - RxRelay (~> 5)
    - RxSwift (~> 5)
  - RxRelay (5.0.0):
    - RxSwift (~> 5)
  - RxSwift (5.0.0)

DEPENDENCIES:
  - HTTPNetworking (from `https://github.com/ned1988/HttpNetworking.git`)
  - RxCocoa (= 5.0.0)
  - RxSwift (= 5.0.0)

SPEC REPOS:
  https://github.com/cocoapods/specs.git:
    - RxCocoa
    - RxRelay
    - RxSwift

EXTERNAL SOURCES:
  HTTPNetworking:
    :git: https://github.com/ned1988/HttpNetworking.git

CHECKOUT OPTIONS:
  HTTPNetworking:
    :commit: b27a7346f6bbb9b3567e6358042af26b55ac137f
    :git: https://github.com/ned1988/HttpNetworking.git

SPEC CHECKSUMS:
  HTTPNetworking: cb31ca12f4fe4150509b0b3f8357fff7ad0ea376
  RxCocoa: fcf32050ac00d801f34a7f71d5e8e7f23026dcd8
  RxRelay: 4f7409406a51a55cd88483f21ed898c234d60f18
  RxSwift: 8b0671caa829a763bbce7271095859121cbd895f

PODFILE CHECKSUM: 61a1b8df2dfd3dbc247e21bceadd39b573eaa647

COCOAPODS: 1.7.5
